
exawind:
  nalu_wind_inp:
    - dam-break-block-nalu.yaml
  amr_wind_inp: dam-break-block-amr.inp
  num_timesteps: 10
  additional_picard_iterations: 2

  nalu_vars:
    - volume_of_fluid
    - velocity
    - density
    - pressure
  amr_cell_vars:
    - vof
    - velocity
    - density
  amr_node_vars:
    - p
